
Microsoft Visual Studio Solution File, Format Version 12.00
# Visual Studio 15
VisualStudioVersion = 15.0.28010.2026
MinimumVisualStudioVersion = 10.0.40219.1
Project("{FAE04EC0-301F-11D3-BF4B-00C04F79EFBC}") = "RevengePlanner", "RevengePlanner\RevengePlanner.csproj", "{5AC34E98-01DD-4658-B57C-5818A5E80825}"
EndProject
Global
	GlobalSection(SolutionConfigurationPlatforms) = preSolution
		Debug|Any CPU = Debug|Any CPU
		Release|Any CPU = Release|Any CPU
	EndGlobalSection
	GlobalSection(ProjectConfigurationPlatforms) = postSolution
		{5AC34E98-01DD-4658-B57C-5818A5E80825}.Debug|Any CPU.ActiveCfg = Debug|Any CPU
		{5AC34E98-01DD-4658-B57C-5818A5E80825}.Debug|Any CPU.Build.0 = Debug|Any CPU
		{5AC34E98-01DD-4658-B57C-5818A5E80825}.Release|Any CPU.ActiveCfg = Release|Any CPU
		{5AC34E98-01DD-4658-B57C-5818A5E80825}.Release|Any CPU.Build.0 = Release|Any CPU
	EndGlobalSection
	GlobalSection(SolutionProperties) = preSolution
		HideSolutionNode = FALSE
	EndGlobalSection
	GlobalSection(ExtensibilityGlobals) = postSolution
		SolutionGuid = {0E02A5C7-5F31-4A62-8C56-E5B43AEEE5B3}
	EndGlobalSection
EndGlobal
